
Microsoft Visual Studio Solution File, Format Version 12.00
# Visual Studio Version 17
VisualStudioVersion = 17.0.31903.59
MinimumVisualStudioVersion = 10.0.40219.1
Project("{2150E333-8FDC-42A3-9474-1A3956D46DE8}") = "src", "src", "{61C9D832-892C-4A00-9387-75950F68B86F}"
EndProject
Project("{FAE04EC0-301F-11D3-BF4B-00C04F79EFBC}") = "MetaExchange.Core", "src\MetaExchange.Core\MetaExchange.Core.csproj", "{1A848A7C-3075-4DB5-9EE4-AB79D418691D}"
EndProject
Project("{FAE04EC0-301F-11D3-BF4B-00C04F79EFBC}") = "MetaExchange.Console", "src\MetaExchange.Console\MetaExchange.Console.csproj", "{7D2747FB-3620-4B5B-BD94-A5A733441A77}"
EndProject
Project("{2150E333-8FDC-42A3-9474-1A3956D46DE8}") = "tests", "tests", "{689C1212-9DB9-418D-B5C7-87AAE05557CF}"
EndProject
Project("{FAE04EC0-301F-11D3-BF4B-00C04F79EFBC}") = "MetaExchange.Tests", "tests\MetaExchange.Tests\MetaExchange.Tests.csproj", "{6B6A0585-12E1-4A7A-AEFA-B104D6EE7AEC}"
EndProject
Global
	GlobalSection(SolutionConfigurationPlatforms) = preSolution
		Debug|Any CPU = Debug|Any CPU
		Release|Any CPU = Release|Any CPU
	EndGlobalSection
	GlobalSection(SolutionProperties) = preSolution
		HideSolutionNode = FALSE
	EndGlobalSection
	GlobalSection(ProjectConfigurationPlatforms) = postSolution
		{1A848A7C-3075-4DB5-9EE4-AB79D418691D}.Debug|Any CPU.ActiveCfg = Debug|Any CPU
		{1A848A7C-3075-4DB5-9EE4-AB79D418691D}.Debug|Any CPU.Build.0 = Debug|Any CPU
		{1A848A7C-3075-4DB5-9EE4-AB79D418691D}.Release|Any CPU.ActiveCfg = Release|Any CPU
		{1A848A7C-3075-4DB5-9EE4-AB79D418691D}.Release|Any CPU.Build.0 = Release|Any CPU
		{7D2747FB-3620-4B5B-BD94-A5A733441A77}.Debug|Any CPU.ActiveCfg = Debug|Any CPU
		{7D2747FB-3620-4B5B-BD94-A5A733441A77}.Debug|Any CPU.Build.0 = Debug|Any CPU
		{7D2747FB-3620-4B5B-BD94-A5A733441A77}.Release|Any CPU.ActiveCfg = Release|Any CPU
		{7D2747FB-3620-4B5B-BD94-A5A733441A77}.Release|Any CPU.Build.0 = Release|Any CPU
		{6B6A0585-12E1-4A7A-AEFA-B104D6EE7AEC}.Debug|Any CPU.ActiveCfg = Debug|Any CPU
		{6B6A0585-12E1-4A7A-AEFA-B104D6EE7AEC}.Debug|Any CPU.Build.0 = Debug|Any CPU
		{6B6A0585-12E1-4A7A-AEFA-B104D6EE7AEC}.Release|Any CPU.ActiveCfg = Release|Any CPU
		{6B6A0585-12E1-4A7A-AEFA-B104D6EE7AEC}.Release|Any CPU.Build.0 = Release|Any CPU
	EndGlobalSection
	GlobalSection(NestedProjects) = preSolution
		{1A848A7C-3075-4DB5-9EE4-AB79D418691D} = {61C9D832-892C-4A00-9387-75950F68B86F}
		{7D2747FB-3620-4B5B-BD94-A5A733441A77} = {61C9D832-892C-4A00-9387-75950F68B86F}
		{6B6A0585-12E1-4A7A-AEFA-B104D6EE7AEC} = {689C1212-9DB9-418D-B5C7-87AAE05557CF}
	EndGlobalSection
EndGlobal
